
Microsoft Visual Studio Solution File, Format Version 12.00
# Visual Studio Version 16
VisualStudioVersion = 16.0.30907.101
MinimumVisualStudioVersion = 10.0.40219.1
Project("{FAE04EC0-301F-11D3-BF4B-00C04F79EFBC}") = "BinaryCodec", "BinaryCodec\BinaryCodec.csproj", "{A6573E9D-AE5F-4BD4-9E28-B6762AE8EF86}"
EndProject
Global
	GlobalSection(SolutionConfigurationPlatforms) = preSolution
		Debug|Any CPU = Debug|Any CPU
		Release|Any CPU = Release|Any CPU
	EndGlobalSection
	GlobalSection(ProjectConfigurationPlatforms) = postSolution
		{A6573E9D-AE5F-4BD4-9E28-B6762AE8EF86}.Debug|Any CPU.ActiveCfg = Debug|Any CPU
		{A6573E9D-AE5F-4BD4-9E28-B6762AE8EF86}.Debug|Any CPU.Build.0 = Debug|Any CPU
		{A6573E9D-AE5F-4BD4-9E28-B6762AE8EF86}.Release|Any CPU.ActiveCfg = Release|Any CPU
		{A6573E9D-AE5F-4BD4-9E28-B6762AE8EF86}.Release|Any CPU.Build.0 = Release|Any CPU
	EndGlobalSection
	GlobalSection(SolutionProperties) = preSolution
		HideSolutionNode = FALSE
	EndGlobalSection
	GlobalSection(ExtensibilityGlobals) = postSolution
		SolutionGuid = {C2DE63DE-988E-4C4D-84CB-4E6176A2A714}
	EndGlobalSection
EndGlobal
